lockfileVersion: '9.0'

settings:
  autoInstallPeers: true
  excludeLinksFromLockfile: false

importers:

  .:
    dependencies:
      prettier:
        specifier: ^3.5.3
        version: 3.5.3
      prettier-plugin-css-order:
        specifier: ^2.1.2
        version: 2.1.2(postcss@8.5.3)(prettier@3.5.3)
      prettier-plugin-organize-attributes:
        specifier: ^1.0.0
        version: 1.0.0(prettier@3.5.3)
      prettier-plugin-organize-imports:
        specifier: ^4.1.0
        version: 4.1.0(prettier@3.5.3)(typescript@5.8.3)

packages:

  css-declaration-sorter@7.2.0:
    resolution: {integrity: sha512-h70rUM+3PNFuaBDTLe8wF/cdWu+dOZmb7pJt8Z2sedYbAcQVQV/tEchueg3GWxwqS0cxtbxmaHEdkNACqcvsow==}
    engines: {node: ^14 || ^16 || >=18}
    peerDependencies:
      postcss: ^8.0.9

  nanoid@3.3.11:
    resolution: {integrity: sha512-N8SpfPUnUp1bK+PMYW8qSWdl9U+wwNWI4QKxOYDy9JAro3WMX7p2OeVRF9v+347pnakNevPmiHhNmZ2HbFA76w==}
    engines: {node: ^10 || ^12 || ^13.7 || ^14 || >=15.0.1}
    hasBin: true

  picocolors@1.1.1:
    resolution: {integrity: sha512-xceH2snhtb5M9liqDsmEw56le376mTZkEX/jEb/RxNFyegNul7eNslCXP9FDj/Lcu0X8KEyMceP2ntpaHrDEVA==}

  postcss-less@6.0.0:
    resolution: {integrity: sha512-FPX16mQLyEjLzEuuJtxA8X3ejDLNGGEG503d2YGZR5Ask1SpDN8KmZUMpzCvyalWRywAn1n1VOA5dcqfCLo5rg==}
    engines: {node: '>=12'}
    peerDependencies:
      postcss: ^8.3.5

  postcss-scss@4.0.9:
    resolution: {integrity: sha512-AjKOeiwAitL/MXxQW2DliT28EKukvvbEWx3LBmJIRN8KfBGZbRTxNYW0kSqi1COiTZ57nZ9NW06S6ux//N1c9A==}
    engines: {node: '>=12.0'}
    peerDependencies:
      postcss: ^8.4.29

  postcss@8.5.3:
    resolution: {integrity: sha512-dle9A3yYxlBSrt8Fu+IpjGT8SY8hN0mlaA6GY8t0P5PjIOZemULz/E2Bnm/2dcUOena75OTNkHI76uZBNUUq3A==}
    engines: {node: ^10 || ^12 || >=14}

  prettier-plugin-css-order@2.1.2:
    resolution: {integrity: sha512-vomxPjHI6pOMYcBuouSJHxxQClJXaUpU9rsV9IAO2wrSTZILRRlrxAAR8t9UF6wtczLkLfNRFUwM+ZbGXOONUA==}
    engines: {node: '>=16'}
    peerDependencies:
      prettier: 3.x

  prettier-plugin-organize-attributes@1.0.0:
    resolution: {integrity: sha512-+NmameaLxbCcylEXsKPmawtzla5EE6ECqvGkpfQz4KM847fXDifB1gFnPQEpoADAq6IXg+cMI8Z0ISJEXa6fhg==}
    engines: {node: '>=14.0.0'}
    peerDependencies:
      prettier: ^3.0.0

  prettier-plugin-organize-imports@4.1.0:
    resolution: {integrity: sha512-5aWRdCgv645xaa58X8lOxzZoiHAldAPChljr/MT0crXVOWTZ+Svl4hIWlz+niYSlO6ikE5UXkN1JrRvIP2ut0A==}
    peerDependencies:
      prettier: '>=2.0'
      typescript: '>=2.9'
      vue-tsc: ^2.1.0
    peerDependenciesMeta:
      vue-tsc:
        optional: true

  prettier@3.5.3:
    resolution: {integrity: sha512-QQtaxnoDJeAkDvDKWCLiwIXkTgRhwYDEQCghU9Z6q03iyek/rxRh/2lC3HB7P8sWT2xC/y5JDctPLBIGzHKbhw==}
    engines: {node: '>=14'}
    hasBin: true

  source-map-js@1.2.1:
    resolution: {integrity: sha512-UXWMKhLOwVKb728IUtQPXxfYU+usdybtUrK/8uGE8CQMvrhOpwvzDBwj0QhSL7MQc7vIsISBG8VQ8+IDQxpfQA==}
    engines: {node: '>=0.10.0'}

  typescript@5.8.3:
    resolution: {integrity: sha512-p1diW6TqL9L07nNxvRMM7hMMw4c5XOo/1ibL4aAIGmSAt9slTE1Xgw5KWuof2uTOvCg9BY7ZRi+GaF+7sfgPeQ==}
    engines: {node: '>=14.17'}
    hasBin: true

snapshots:

  css-declaration-sorter@7.2.0(postcss@8.5.3):
    dependencies:
      postcss: 8.5.3

  nanoid@3.3.11: {}

  picocolors@1.1.1: {}

  postcss-less@6.0.0(postcss@8.5.3):
    dependencies:
      postcss: 8.5.3

  postcss-scss@4.0.9(postcss@8.5.3):
    dependencies:
      postcss: 8.5.3

  postcss@8.5.3:
    dependencies:
      nanoid: 3.3.11
      picocolors: 1.1.1
      source-map-js: 1.2.1

  prettier-plugin-css-order@2.1.2(postcss@8.5.3)(prettier@3.5.3):
    dependencies:
      css-declaration-sorter: 7.2.0(postcss@8.5.3)
      postcss-less: 6.0.0(postcss@8.5.3)
      postcss-scss: 4.0.9(postcss@8.5.3)
      prettier: 3.5.3
    transitivePeerDependencies:
      - postcss

  prettier-plugin-organize-attributes@1.0.0(prettier@3.5.3):
    dependencies:
      prettier: 3.5.3

  prettier-plugin-organize-imports@4.1.0(prettier@3.5.3)(typescript@5.8.3):
    dependencies:
      prettier: 3.5.3
      typescript: 5.8.3

  prettier@3.5.3: {}

  source-map-js@1.2.1: {}

  typescript@5.8.3: {}
