---
lockfileVersion: '9.0'

importers:

  .:
    configDependencies: {}
    packageManagerDependencies:
      pnpm:
        specifier: 12.4.2
        version: 12.4.2

packages:

  '@pnpm/exe.android-arm64@12.4.2':
    resolution: {integrity: sha512-E255MbcQ0V1577M2BV0ajWuP7KmTPYA0jqZnk3rK6Lq3kTvZWulMMb7iqRmnLsQbyWTkMEB2CfyM70loVDA8xg==}
    cpu: [arm64]
    os: [android]

  '@pnpm/exe.android-x64@12.4.2':
    resolution: {integrity: sha512-J1pSeCUwuKxMG70ZzpWn8JzElxiEa8NN/3N0SlZRtU2xbztChaJCKF3HaBNIj9yPfeofWzJo/lwNvDDjraQuZw==}
    cpu: [x64]
    os: [android]

  '@pnpm/exe.darwin-arm64@12.4.2':
    resolution: {integrity: sha512-A0WDo8iErfZBXgrLseQxw8i8Y9ctUpOEl/Uu+cubnTzpD8tT9ykIB548L8YTM2WD4OS+ZOHSxy8aGZcvKq8PaQ==}
    cpu: [arm64]
    os: [darwin]

  '@pnpm/exe.darwin-x64@12.4.2':
    resolution: {integrity: sha512-MSgJdovBWHcb5DEOvfPH9yNi/T5O1Xa4ess+E1ESGo/5yuty7S4JoiIjami+fsNXfnoQMlwsMUqYU4zAvBcNCw==}
    cpu: [x64]
    os: [darwin]

  '@pnpm/exe.freebsd-x64@12.4.2':
    resolution: {integrity: sha512-h2YumlQSNvgbRPv+RXwABohX65f9bOBZn+jMIt7bFDISZPCzQ+Nvpt6Awbp4ip5PwQgYxbu5iREJ1fHE39Fm8A==}
    cpu: [x64]
    os: [freebsd]

  '@pnpm/exe.linux-arm64-musl@12.4.2':
    resolution: {integrity: sha512-LwSEtSEDTv6S51YLs3YvSkPyun/QmfMic1UGICUkPWFu6ByP43RdMlkKvmVkfGhAYCpnxO057vrmyJqtfZrPCA==}
    cpu: [arm64]
    os: [linux]
    libc: [musl]

  '@pnpm/exe.linux-arm64@12.4.2':
    resolution: {integrity: sha512-2dSiDXyhx+RTHsewxex8f/jVjqQXWJ2oow4kCVHEWdZKeBpgMxvZ6fHkTAUBJXgqhbKIDHvuNlZBP7gJfUWL5A==}
    cpu: [arm64]
    os: [linux]
    libc: [glibc]

  '@pnpm/exe.linux-ppc64@12.4.2':
    resolution: {integrity: sha512-8Itc+jQk+MTz04LS9D1RcH+VctAWmzM4l1cJQ+Sx7pAJNo7EKHdRMbC0Tok1jyQ7eEHNJZD5EleYneZqWfZM+g==}
    cpu: [ppc64]
    os: [linux]
    libc: [glibc]

  '@pnpm/exe.linux-riscv64@12.4.2':
    resolution: {integrity: sha512-hleOeqhTVpH+z9RVMGnxvU4ZnrkBUClWjCbHD9u6kwyqhGSpevoU1wTGish+CBRhmIgMAy9pAfFpqhbAKOKNfw==}
    cpu: [riscv64]
    os: [linux]
    libc: [glibc]

  '@pnpm/exe.linux-s390x@12.4.2':
    resolution: {integrity: sha512-LAsQRRdP9aToENR6dtcIJ9l+e1zMYOX0tQcLGpRyLPVBQcYRLlvAPcmDshsiIHQjp05SDa9FI0czX1ZQ1a7a/A==}
    cpu: [s390x]
    os: [linux]
    libc: [glibc]

  '@pnpm/exe.linux-x64-musl@12.4.2':
    resolution: {integrity: sha512-kzfzH2/0BWdTABK14Yj5a1xsdkTEQUp2eXEPNakaD9jKL025lq3hyaKHIz/gIZaPDMe/1bFFK/En4ztFlbBJxw==}
    cpu: [x64]
    os: [linux]
    libc: [musl]

  '@pnpm/exe.linux-x64@12.4.2':
    resolution: {integrity: sha512-/pbt0UVTa8NMDhzOWLQRfZ6G9ROKXlJPZtx845BqyWfc7hCrWXhTLBd70yO2y8+E+IWN3oHM1s/JsIQNGk1yvg==}
    cpu: [x64]
    os: [linux]
    libc: [glibc]

  '@pnpm/exe.win32-arm64@12.4.2':
    resolution: {integrity: sha512-PsW19e4dAUNpZ0cS9flaxFuAmpt2dKlH/Vvi8TZ4qyJjjQzue/CEsWm+6wKVP4CJ7IT8RdL4qh+soOPWIgF2Zw==}
    cpu: [arm64]
    os: [win32]

  '@pnpm/exe.win32-x64@12.4.2':
    resolution: {integrity: sha512-+xGoeE0g55ztWvl8i5QqdmNfW3nIrTVcoQrNshEOwxthm9Ag48oXton3uxOA3/SANyz5AXexEjj2KO20NnOrEw==}
    cpu: [x64]
    os: [win32]

  pnpm@12.4.2:
    resolution: {integrity: sha512-CK3GYTGAJ1x8ntraOdzwjJxhrU5+rzMKTzRh8QKw+QdCNFTRF/mOctR/7wYWBwZE17/8lzpqV/UJCm18NosHyQ==}
    engines: {node: '>=18.*'}
    hasBin: true

snapshots:

  '@pnpm/exe.android-arm64@12.4.2':
    optional: true

  '@pnpm/exe.android-x64@12.4.2':
    optional: true

  '@pnpm/exe.darwin-arm64@12.4.2':
    optional: true

  '@pnpm/exe.darwin-x64@12.4.2':
    optional: true

  '@pnpm/exe.freebsd-x64@12.4.2':
    optional: true

  '@pnpm/exe.linux-arm64-musl@12.4.2':
    optional: true

  '@pnpm/exe.linux-arm64@12.4.2':
    optional: true

  '@pnpm/exe.linux-ppc64@12.4.2':
    optional: true

  '@pnpm/exe.linux-riscv64@12.4.2':
    optional: true

  '@pnpm/exe.linux-s390x@12.4.2':
    optional: true

  '@pnpm/exe.linux-x64-musl@12.4.2':
    optional: true

  '@pnpm/exe.linux-x64@12.4.2':
    optional: true

  '@pnpm/exe.win32-arm64@12.4.2':
    optional: true

  '@pnpm/exe.win32-x64@12.4.2':
    optional: true

  pnpm@12.4.2:
    optionalDependencies:
      '@pnpm/exe.android-arm64': 12.4.2
      '@pnpm/exe.android-x64': 12.4.2
      '@pnpm/exe.darwin-arm64': 12.4.2
      '@pnpm/exe.darwin-x64': 12.4.2
      '@pnpm/exe.freebsd-x64': 12.4.2
      '@pnpm/exe.linux-arm64': 12.4.2
      '@pnpm/exe.linux-arm64-musl': 12.4.2
      '@pnpm/exe.linux-ppc64': 12.4.2
      '@pnpm/exe.linux-riscv64': 12.4.2
      '@pnpm/exe.linux-s390x': 12.4.2
      '@pnpm/exe.linux-x64': 12.4.2
      '@pnpm/exe.linux-x64-musl': 12.4.2
      '@pnpm/exe.win32-arm64': 12.4.2
      '@pnpm/exe.win32-x64': 12.4.2

---
lockfileVersion: '9.0'

settings:
  autoInstallPeers: true
  excludeLinksFromLockfile: false

importers:

  .:
    dependencies:
      prettier:
        specifier: ^3.9.6
        version: 3.9.6
      prettier-plugin-css-order:
        specifier: ^2.2.0
        version: 2.2.0(postcss@8.5.3)(prettier@3.9.6)
      prettier-plugin-organize-attributes:
        specifier: ^1.0.0
        version: 1.0.0(prettier@3.9.6)
      prettier-plugin-organize-imports:
        specifier: ^4.3.0
        version: 4.3.0(prettier@3.9.6)(typescript@5.8.3)
    devDependencies:
      husky:
        specifier: ^9.1.7
        version: 9.1.7

packages:

  css-declaration-sorter@7.4.0:
    resolution: {integrity: sha512-LTuzjPoyA2vMGKKcaOqKSp7Ub2eGrNfKiZH4LpezxpNrsICGCSFvsQOI29psISxNZtaXibkC2CXzrQ5enMeGGw==}
    engines: {node: ^14 || ^16 || >=18}
    peerDependencies:
      postcss: ^8.0.9

  husky@9.1.7:
    resolution: {integrity: sha512-5gs5ytaNjBrh5Ow3zrvdUUY+0VxIuWVL4i9irt6friV+BqdCfmV11CQTWMiBYWHbXhco+J1kHfTOUkePhCDvMA==}
    engines: {node: '>=18'}
    hasBin: true

  nanoid@3.3.11:
    resolution: {integrity: sha512-N8SpfPUnUp1bK+PMYW8qSWdl9U+wwNWI4QKxOYDy9JAro3WMX7p2OeVRF9v+347pnakNevPmiHhNmZ2HbFA76w==}
    engines: {node: ^10 || ^12 || ^13.7 || ^14 || >=15.0.1}
    hasBin: true

  picocolors@1.1.1:
    resolution: {integrity: sha512-xceH2snhtb5M9liqDsmEw56le376mTZkEX/jEb/RxNFyegNul7eNslCXP9FDj/Lcu0X8KEyMceP2ntpaHrDEVA==}

  postcss-less@6.0.0:
    resolution: {integrity: sha512-FPX16mQLyEjLzEuuJtxA8X3ejDLNGGEG503d2YGZR5Ask1SpDN8KmZUMpzCvyalWRywAn1n1VOA5dcqfCLo5rg==}
    engines: {node: '>=12'}
    peerDependencies:
      postcss: ^8.3.5

  postcss-scss@4.0.9:
    resolution: {integrity: sha512-AjKOeiwAitL/MXxQW2DliT28EKukvvbEWx3LBmJIRN8KfBGZbRTxNYW0kSqi1COiTZ57nZ9NW06S6ux//N1c9A==}
    engines: {node: '>=12.0'}
    peerDependencies:
      postcss: ^8.4.29

  postcss@8.5.3:
    resolution: {integrity: sha512-dle9A3yYxlBSrt8Fu+IpjGT8SY8hN0mlaA6GY8t0P5PjIOZemULz/E2Bnm/2dcUOena75OTNkHI76uZBNUUq3A==}
    engines: {node: ^10 || ^12 || >=14}

  prettier-plugin-css-order@2.2.0:
    resolution: {integrity: sha512-GCkwEgQ2roT7le+zpUFQThPDO4x5EXcZmY9Rj6rvO++I/nATTGBWdZdsooha/BlvIBbZclJzXsgJdlKWrys9+w==}
    engines: {node: '>=16'}
    peerDependencies:
      prettier: 3.x

  prettier-plugin-organize-attributes@1.0.0:
    resolution: {integrity: sha512-+NmameaLxbCcylEXsKPmawtzla5EE6ECqvGkpfQz4KM847fXDifB1gFnPQEpoADAq6IXg+cMI8Z0ISJEXa6fhg==}
    engines: {node: '>=14.0.0'}
    peerDependencies:
      prettier: ^3.0.0

  prettier-plugin-organize-imports@4.3.0:
    resolution: {integrity: sha512-FxFz0qFhyBsGdIsb697f/EkvHzi5SZOhWAjxcx2dLt+Q532bAlhswcXGYB1yzjZ69kW8UoadFBw7TyNwlq96Iw==}
    peerDependencies:
      prettier: '>=2.0'
      typescript: '>=2.9'
      vue-tsc: ^2.1.0 || 3
    peerDependenciesMeta:
      vue-tsc:
        optional: true

  prettier@3.9.6:
    resolution: {integrity: sha512-OpN0zzVdiaiAhxpuuj5efpIS4sY9j7bY6uR5mnj5yPzGkdkjNKSJeUThPb60Jw29QuAZgA4o+/iB49kFiaBX6g==}
    engines: {node: '>=14'}
    hasBin: true

  source-map-js@1.2.1:
    resolution: {integrity: sha512-UXWMKhLOwVKb728IUtQPXxfYU+usdybtUrK/8uGE8CQMvrhOpwvzDBwj0QhSL7MQc7vIsISBG8VQ8+IDQxpfQA==}
    engines: {node: '>=0.10.0'}

  typescript@5.8.3:
    resolution: {integrity: sha512-p1diW6TqL9L07nNxvRMM7hMMw4c5XOo/1ibL4aAIGmSAt9slTE1Xgw5KWuof2uTOvCg9BY7ZRi+GaF+7sfgPeQ==}
    engines: {node: '>=14.17'}
    hasBin: true

snapshots:

  css-declaration-sorter@7.4.0(postcss@8.5.3):
    dependencies:
      postcss: 8.5.3

  husky@9.1.7: {}

  nanoid@3.3.11: {}

  picocolors@1.1.1: {}

  postcss-less@6.0.0(postcss@8.5.3):
    dependencies:
      postcss: 8.5.3

  postcss-scss@4.0.9(postcss@8.5.3):
    dependencies:
      postcss: 8.5.3

  postcss@8.5.3:
    dependencies:
      nanoid: 3.3.11
      picocolors: 1.1.1
      source-map-js: 1.2.1

  prettier-plugin-css-order@2.2.0(postcss@8.5.3)(prettier@3.9.6):
    dependencies:
      css-declaration-sorter: 7.4.0(postcss@8.5.3)
      postcss-less: 6.0.0(postcss@8.5.3)
      postcss-scss: 4.0.9(postcss@8.5.3)
      prettier: 3.9.6
    transitivePeerDependencies:
      - postcss

  prettier-plugin-organize-attributes@1.0.0(prettier@3.9.6):
    dependencies:
      prettier: 3.9.6

  prettier-plugin-organize-imports@4.3.0(prettier@3.9.6)(typescript@5.8.3):
    dependencies:
      prettier: 3.9.6
      typescript: 5.8.3

  prettier@3.9.6: {}

  source-map-js@1.2.1: {}

  typescript@5.8.3: {}
